{
  "lockfileVersion": 1,
  "workspaces": {
    "": {
      "name": "dsh-plugin-commands",
      "devDependencies": {
        "@deepseek-ai/cordis": "4.0.1",
        "@deepseek-ai/dsh-commands": "0.2.0-rc.2",
        "@deepseek-ai/dsh-llm": "0.2.0-rc.2",
        "@types/bun": "latest",
        "@types/node": "latest",
        "typescript": "5.8.2",
      },
      "peerDependencies": {
        "@deepseek-ai/cordis": "4.0.1",
        "@deepseek-ai/dsh-llm": ">=0.1.5-rc.2 <0.3.0-0",
      },
      "optionalPeers": [
        "@deepseek-ai/cordis",
      ],
    },
  },
  "packages": {
    "@deepseek-ai/cordis": ["@deepseek-ai/cordis@4.0.1", "", { "dependencies": { "@deepseek-ai/cosmokit": "^1.8.2", "@standard-schema/spec": "^1.1.0" }, "peerDependencies": { "@deepseek-ai/cordis-plugin-include": "^1.0.6", "@deepseek-ai/cordis-plugin-loader": "^1.0.2" }, "optionalPeers": ["@deepseek-ai/cordis-plugin-include", "@deepseek-ai/cordis-plugin-loader"], "bin": { "cordis": "bin.js" } }, "sha512-YBdskTU2Po1kru3GgcUWUbkTsPMA9LkSQDAY8rBkFJeajdgcQad3QPJZE26JyK99Xb6HaASvoXg2DSUTeN/0Nw=="],

    "@deepseek-ai/cosmokit": ["@deepseek-ai/cosmokit@1.8.5", "", {}, "sha512-LXsrlem9z8dq4sLflj2yuCuYX7KqhdzF5hZly3eZyuTo8d6oDSOXuEgC5DbQWKW+lksm6zmOutQLsP/ma6wR6A=="],

    "@deepseek-ai/dsh-agent": ["@deepseek-ai/dsh-agent@0.2.0-rc.2", "", { "peerDependencies": { "@deepseek-ai/cordis": "~4.0.4", "@deepseek-ai/dsh-invariants": "0.2.0-rc.2", "@deepseek-ai/dsh-llm": "0.2.0-rc.2", "@deepseek-ai/dsh-scope": "0.2.0-rc.2", "@deepseek-ai/dsh-session": "0.2.0-rc.2", "@deepseek-ai/dsh-session-projection": "0.2.0-rc.2", "@deepseek-ai/dsh-system-prompt": "0.2.0-rc.2", "@deepseek-ai/dsh-typert-protocol": "0.2.0-rc.2", "@deepseek-ai/dsh-util-values": "0.2.0-rc.2", "@deepseek-ai/dsh-workspace": "0.2.0-rc.2" }, "optionalPeers": ["@deepseek-ai/dsh-workspace"] }, "sha512-CUkbU+c1G0ETXkpoLkpAFo5midz66FQGtlgQOP9pzvU9H3zJQVl4H5LrhhGVbEXKLFgdbtQiOynEW8hpWn3y0Q=="],

    "@deepseek-ai/dsh-attachment": ["@deepseek-ai/dsh-attachment@0.2.0-rc.2", "", { "peerDependencies": { "@deepseek-ai/cordis": "~4.0.4", "@deepseek-ai/dsh-brand": "0.2.0-rc.2" } }, "sha512-asUDLv+mfb30vjjlQtMI9aBnC+kmPoUxS1ooadhwAd8wssIlLetq97nzC5W1qd0GQGwZtPG/gpljVAMcSwPr1g=="],

    "@deepseek-ai/dsh-brand": ["@deepseek-ai/dsh-brand@0.2.0-rc.2", "", { "peerDependencies": { "@deepseek-ai/cordis": "~4.0.4" } }, "sha512-A5XlN4tIgP0qObkYFhcZ7Oz/tM2oESEZqLwS0Qq+sM1ivGx6o4AMPgJdfKQlwLzqk0cMLNtAaVBHfiYoElt4lw=="],

    "@deepseek-ai/dsh-commands": ["@deepseek-ai/dsh-commands@0.2.0-rc.2", "", { "dependencies": { "@deepseek-ai/dsh-util-crypto": "0.2.0-rc.2", "zod": "^4.4.3" }, "peerDependencies": { "@deepseek-ai/cordis": "~4.0.4", "@deepseek-ai/dsh-agent": "0.2.0-rc.2", "@deepseek-ai/dsh-attachment": "0.2.0-rc.2", "@deepseek-ai/dsh-brand": "0.2.0-rc.2", "@deepseek-ai/dsh-invariants": "0.2.0-rc.2", "@deepseek-ai/dsh-llm": "0.2.0-rc.2", "@deepseek-ai/dsh-scope": "0.2.0-rc.2", "@deepseek-ai/dsh-session": "0.2.0-rc.2", "@deepseek-ai/dsh-typert-protocol": "0.2.0-rc.2" } }, "sha512-pU5oUyOMPDN0yxEjE1wJRInNeC5hs5vJnbOG8MSSfkFov/7Q8hrfwETxZtcRnbrpzzeG19wsvtRz1twkEMKZBA=="],

    "@deepseek-ai/dsh-invariants": ["@deepseek-ai/dsh-invariants@0.2.0-rc.2", "", { "dependencies": { "@deepseek-ai/schemastery": "~3.18.4" }, "peerDependencies": { "@deepseek-ai/cordis": "~4.0.4" } }, "sha512-QOVc0HpRsS8ekvprb45FlxieDvgR/cAMaxW289HASjMoV/U/B54FpbkHuPBw4EnTw07/sPkjx2B/23+YqE0cbg=="],

    "@deepseek-ai/dsh-llm": ["@deepseek-ai/dsh-llm@0.2.0-rc.2", "", { "dependencies": { "@deepseek-ai/dsh-brand": "0.2.0-rc.2", "@deepseek-ai/dsh-timeout": "0.2.0-rc.2", "@deepseek-ai/dsh-typert-protocol": "0.2.0-rc.2", "@deepseek-ai/dsh-util-crypto": "0.2.0-rc.2", "@deepseek-ai/dsh-util-values": "0.2.0-rc.2", "@deepseek-ai/schemastery": "~3.18.4", "zod": "^4.4.3" }, "peerDependencies": { "@deepseek-ai/cordis": "~4.0.4" } }, "sha512-6QFrQn/h0iNqCfPpgQidnHtLSpA99A7ZND/uYKaGSd/4BGP8KBhuRd0w63e9s4u+hfW8jc3j29WKcNLIOeUfcA=="],

    "@deepseek-ai/dsh-scope": ["@deepseek-ai/dsh-scope@0.2.0-rc.2", "", { "peerDependencies": { "@deepseek-ai/cordis": "~4.0.4", "@deepseek-ai/dsh-invariants": "0.2.0-rc.2" } }, "sha512-066p7Wv74GNWt4xA5Cyvl+7c/i9KrNEDALYh2/hu0VsJPLb4T9He+TY7y1bld9OgungmqyTy1n/cB2ZrVskvxA=="],

    "@deepseek-ai/dsh-session": ["@deepseek-ai/dsh-session@0.2.0-rc.2", "", { "dependencies": { "@deepseek-ai/dsh-brand": "0.2.0-rc.2", "@deepseek-ai/dsh-llm": "0.2.0-rc.2", "@deepseek-ai/dsh-util-values": "0.2.0-rc.2" }, "peerDependencies": { "@deepseek-ai/cordis": "~4.0.4", "@deepseek-ai/dsh-scope": "0.2.0-rc.2" } }, "sha512-wj+6MeqCYbDcbEvKH3puHyEGdjyu51JwBoN6Ua2tz6griLufDgLM5HpSU40L5xgpbOfrYVhXZs4vRgOrMlFY2g=="],

    "@deepseek-ai/dsh-session-projection": ["@deepseek-ai/dsh-session-projection@0.2.0-rc.2", "", { "dependencies": { "zod": "^4.4.3" }, "peerDependencies": { "@deepseek-ai/cordis": "~4.0.4", "@deepseek-ai/dsh-session": "0.2.0-rc.2" } }, "sha512-caJ+XGjmR8ouws0LrvuXrabrzi21akB2l8CniUHdx4IpT6GkLapFYlWLbjZlDYqEWB3ktR+q32nxW2s+f27GSA=="],

    "@deepseek-ai/dsh-system-prompt": ["@deepseek-ai/dsh-system-prompt@0.2.0-rc.2", "", { "dependencies": { "@deepseek-ai/schemastery": "~3.18.4" }, "peerDependencies": { "@deepseek-ai/cordis": "~4.0.4", "@deepseek-ai/dsh-invariants": "0.2.0-rc.2", "@deepseek-ai/dsh-llm": "0.2.0-rc.2", "@deepseek-ai/dsh-scope": "0.2.0-rc.2" } }, "sha512-ZZNk2gkXFV8CIT0IOZXS+pFaxNVJaRknYyH2vc4ZgZAiHKT+RqUYNr8e1F5Kp0AaN0DNlcTkjOGP5MCxeXfDjg=="],

    "@deepseek-ai/dsh-timeout": ["@deepseek-ai/dsh-timeout@0.2.0-rc.2", "", { "peerDependencies": { "@deepseek-ai/cordis": "~4.0.4" } }, "sha512-NDob8b8DJDB/sDPz3P7xhrkxOh1O9FbN1EZRKsxP4fuTfp4hrQU7aekYS5qZENFKoR8dBJMTh/zcEBw4m31glQ=="],

    "@deepseek-ai/dsh-typert-protocol": ["@deepseek-ai/dsh-typert-protocol@0.2.0-rc.2", "", { "dependencies": { "@deepseek-ai/dsh-brand": "0.2.0-rc.2" }, "peerDependencies": { "@deepseek-ai/cordis": "~4.0.4" } }, "sha512-95RvIDcVac2BWdv1IxN6yKlRV+8eEvkofqSxV+d0r8x1kx2EIWEsbdxz6C+coYIm+8e03MiN+rwOt8J7sLfe7Q=="],

    "@deepseek-ai/dsh-util-crypto": ["@deepseek-ai/dsh-util-crypto@0.2.0-rc.2", "", { "peerDependencies": { "@deepseek-ai/cordis": "~4.0.4" } }, "sha512-5OvvmepY69uXTagUMlnoHqg7euI4ZMifLgfdV8xZO20OslWGGiRCkJbZRyDtcJG9GsXWz9UimfWmUu52zKXJ5w=="],

    "@deepseek-ai/dsh-util-values": ["@deepseek-ai/dsh-util-values@0.2.0-rc.2", "", { "peerDependencies": { "@deepseek-ai/cordis": "~4.0.4" } }, "sha512-qgpsbgiZABuE9UvgNaVo9b2HiWwLeU93CTl9PFXqE0jN8ap1ALxzQsLGvr/q2MJuWDYqnFBg60XnqnY8ZxPWEg=="],

    "@deepseek-ai/schemastery": ["@deepseek-ai/schemastery@3.18.4", "", { "dependencies": { "@deepseek-ai/cosmokit": "~1.8.5", "@standard-schema/spec": "^1.1.0" } }, "sha512-SSXO6tYuyrIqKVbmOnIq0s+riUywYzouFMcnBluHF9n4KMo2G8HvEzhCYj6pj2617/glOjbJuVInJ9hfONsjkg=="],

    "@standard-schema/spec": ["@standard-schema/spec@1.1.0", "https://registry.npmmirror.com/@standard-schema/spec/-/spec-1.1.0.tgz", {}, "sha512-l2aFy5jALhniG5HgqrD6jXLi/rUWrKvqN/qJx6yoJsgKhblVd+iqqU4RCXavm/jPityDo5TCvKMnpjKnOriy0w=="],

    "@types/bun": ["@types/bun@1.4.2", "https://registry.npmmirror.com/@types/bun/-/bun-1.4.2.tgz", { "dependencies": { "bun-types": "1.4.2" } }, "sha512-GimotNn7+ZV0uVArItBbriZsR1oNf0+WTzPkdcFrzShI7k2norL0uzEaJT8T33dWr7O/c9ZDuAFQrctKCi72oQ=="],

    "@types/node": ["@types/node@26.6.3", "https://registry.npmmirror.com/@types/node/-/node-26.6.3.tgz", { "dependencies": { "undici-types": "~8.9.0" } }, "sha512-dsqMQQoeTLqu9wynDD00q573mNzso3IdQOAfHRJqLCcmCFPoGo9A1bDpUcv/9tnKpErQWv9uKeGfl37EIS02Yg=="],

    "bun-types": ["bun-types@1.4.2", "https://registry.npmmirror.com/bun-types/-/bun-types-1.4.2.tgz", { "dependencies": { "@types/node": "*" } }, "sha512-bxV1FgK7yBIzjRe5zBozIM4Bem11ZJcCXSrjWRG3YWLt8yFDePu4cLjpebO8OvPeIE9trbyPF4fuj3Cia4Fj3w=="],

    "typescript": ["typescript@5.8.2", "https://registry.npmmirror.com/typescript/-/typescript-5.8.2.tgz", { "bin": { "tsc": "bin/tsc", "tsserver": "bin/tsserver" } }, "sha512-aJn6wq13/afZp/jT9QZmwEjDqqvSGp1VT5GVg+f/t6/oVyrgXM6BY1h9BRh/O5p3PlUPAe+WuiEZOmb/49RqoQ=="],

    "undici-types": ["undici-types@8.9.0", "https://registry.npmmirror.com/undici-types/-/undici-types-8.9.0.tgz", {}, "sha512-KTDyRTYX8sWmKXAikPHHSyc63CRPETMctyjKFupcC6OBLXT3xsN0e9aF7m+mIXutFWpUXuedtowG7iLOzp0kQg=="],

    "zod": ["zod@4.6.5", "https://registry.npmmirror.com/zod/-/zod-4.6.5.tgz", {}, "sha512-v5l/aFXZQeai4awLbOpSoHecE9UiMrnfx75tEXLjNonXVARxQ5mOeipTjROUchszUNCqnE+hqAMujRsRHsut2Q=="],
  }
}
